
Microsoft Visual Studio Solution File, Format Version 12.00
# Visual Studio Version 16
VisualStudioVersion = 16.0.810.16
MinimumVisualStudioVersion = 10.0.40219.1
Project("{FAE04EC0-301F-11D3-BF4B-00C04F79EFBC}") = "RoomBookingApp.Core.Tests", "RoomBookingApp.Core.Tests\RoomBookingApp.Core.Tests.csproj", "{7B672637-B3CC-4F49-AE86-4E47C77E6D0C}"
EndProject
Project("{FAE04EC0-301F-11D3-BF4B-00C04F79EFBC}") = "RoombookingApp.Core", "RoombookingApp.Core\RoombookingApp.Core.csproj", "{0918028F-11BA-489B-8D45-8BDF8D02FA00}"
EndProject
Global
	GlobalSection(SolutionConfigurationPlatforms) = preSolution
		Debug|Any CPU = Debug|Any CPU
		Release|Any CPU = Release|Any CPU
	EndGlobalSection
	GlobalSection(ProjectConfigurationPlatforms) = postSolution
		{7B672637-B3CC-4F49-AE86-4E47C77E6D0C}.Debug|Any CPU.ActiveCfg = Debug|Any CPU
		{7B672637-B3CC-4F49-AE86-4E47C77E6D0C}.Debug|Any CPU.Build.0 = Debug|Any CPU
		{7B672637-B3CC-4F49-AE86-4E47C77E6D0C}.Release|Any CPU.ActiveCfg = Release|Any CPU
		{7B672637-B3CC-4F49-AE86-4E47C77E6D0C}.Release|Any CPU.Build.0 = Release|Any CPU
		{0918028F-11BA-489B-8D45-8BDF8D02FA00}.Debug|Any CPU.ActiveCfg = Debug|Any CPU
		{0918028F-11BA-489B-8D45-8BDF8D02FA00}.Debug|Any CPU.Build.0 = Debug|Any CPU
		{0918028F-11BA-489B-8D45-8BDF8D02FA00}.Release|Any CPU.ActiveCfg = Release|Any CPU
		{0918028F-11BA-489B-8D45-8BDF8D02FA00}.Release|Any CPU.Build.0 = Release|Any CPU
	EndGlobalSection
	GlobalSection(SolutionProperties) = preSolution
		HideSolutionNode = FALSE
	EndGlobalSection
	GlobalSection(ExtensibilityGlobals) = postSolution
		SolutionGuid = {0B0AB3C6-F087-47F1-B4F8-008AB527B1B7}
	EndGlobalSection
EndGlobal
